
Microsoft Visual Studio Solution File, Format Version 12.00
# Visual Studio 15
VisualStudioVersion = 15.0.28010.2046
MinimumVisualStudioVersion = 10.0.40219.1
Project("{FAE04EC0-301F-11D3-BF4B-00C04F79EFBC}") = "AlmacenDeBebidasRP", "AlmacenDeBebidasRP\AlmacenDeBebidasRP.csproj", "{B92223CB-2B10-4439-B586-AAE79BED027F}"
EndProject
Global
	GlobalSection(SolutionConfigurationPlatforms) = preSolution
		Debug|Any CPU = Debug|Any CPU
		Release|Any CPU = Release|Any CPU
	EndGlobalSection
	GlobalSection(ProjectConfigurationPlatforms) = postSolution
		{B92223CB-2B10-4439-B586-AAE79BED027F}.Debug|Any CPU.ActiveCfg = Debug|Any CPU
		{B92223CB-2B10-4439-B586-AAE79BED027F}.Debug|Any CPU.Build.0 = Debug|Any CPU
		{B92223CB-2B10-4439-B586-AAE79BED027F}.Release|Any CPU.ActiveCfg = Release|Any CPU
		{B92223CB-2B10-4439-B586-AAE79BED027F}.Release|Any CPU.Build.0 = Release|Any CPU
	EndGlobalSection
	GlobalSection(SolutionProperties) = preSolution
		HideSolutionNode = FALSE
	EndGlobalSection
	GlobalSection(ExtensibilityGlobals) = postSolution
		SolutionGuid = {25D0DBF1-1998-4B75-BEF3-6025CDC7DB80}
	EndGlobalSection
EndGlobal
